PODS:
  - acrawriter (1.0.0):
    - themis (= 0.10.0)
  - GRKOpenSSLFramework (1.0.1.20.4)
  - themis (0.10.0):
    - GRKOpenSSLFramework (= 1.0.1.20.4)
    - themis/core (= 0.10.0)
    - themis/objcwrapper (= 0.10.0)
  - themis/core (0.10.0):
    - GRKOpenSSLFramework (= 1.0.1.20.4)
  - themis/objcwrapper (0.10.0):
    - GRKOpenSSLFramework (= 1.0.1.20.4)
    - themis/core

DEPENDENCIES:
  - acrawriter (= 1.0.0)

SPEC REPOS:
  https://github.com/cocoapods/specs.git:
    - acrawriter
    - GRKOpenSSLFramework
    - themis

SPEC CHECKSUMS:
  acrawriter: 834f1d7148e41de6785d04025d510cb905eb53fa
  GRKOpenSSLFramework: b6172cc34db9b999002483878772a4bf2a1687ba
  themis: f06f5690dbb18276e98f3c8d7c9ba90e8100bd09

PODFILE CHECKSUM: 664f71ef1fb7e5cfaeb79ba65b0ac2ceae5fd4cc

COCOAPODS: 1.5.3
