PODS:
  - acrawriter (1.0.1):
    - themis (~> 0.10.0)
  - GRKOpenSSLFramework (1.0.2.15)
  - themis (0.10.2):
    - themis/themis-openssl (= 0.10.2)
  - themis/themis-openssl (0.10.2):
    - GRKOpenSSLFramework (~> 1.0.1)
    - themis/themis-openssl/core (= 0.10.2)
    - themis/themis-openssl/objcwrapper (= 0.10.2)
  - themis/themis-openssl/core (0.10.2):
    - GRKOpenSSLFramework (~> 1.0.1)
  - themis/themis-openssl/objcwrapper (0.10.2):
    - GRKOpenSSLFramework (~> 1.0.1)
    - themis/themis-openssl/core

DEPENDENCIES:
  - acrawriter

SPEC REPOS:
  https://github.com/cocoapods/specs.git:
    - acrawriter
    - GRKOpenSSLFramework
    - themis

SPEC CHECKSUMS:
  acrawriter: 6be833b02f7f73fceaaa42ad2c6a950bc65925f4
  GRKOpenSSLFramework: 8180d66833be66fc0f2d4942757d095edb0778d0
  themis: bb0d7915dcb400748942969d9ab4c48f95193514

PODFILE CHECKSUM: 32ce5b4065bc5fcd34089758cb59f3f7757bba17

COCOAPODS: 1.5.3
